
Microsoft Visual Studio Solution File, Format Version 12.00
# Visual Studio 15
VisualStudioVersion = 15.0.27703.2026
MinimumVisualStudioVersion = 10.0.40219.1
Project("{9A19103F-16F7-4668-BE54-9A1E7A4F7556}") = "Donde.SpokenPast.Web", "Donde.SpokenPast\Donde.SpokenPast.Web.csproj", "{15257D00-68BE-455E-A8A1-B99FEC348ACD}"
EndProject
Project("{2150E333-8FDC-42A3-9474-1A3956D46DE8}") = "Web", "Web", "{10E870E2-49E5-4B65-A8FE-91D0CF05163F}"
EndProject
Project("{2150E333-8FDC-42A3-9474-1A3956D46DE8}") = "Core", "Core", "{82E045F7-78E8-46CD-AE85-C14936A442FA}"
EndProject
Project("{2150E333-8FDC-42A3-9474-1A3956D46DE8}") = "Infrastructure", "Infrastructure", "{08CC8D26-83D9-43D7-950B-49AD2C1AE6BC}"
EndProject
Project("{2150E333-8FDC-42A3-9474-1A3956D46DE8}") = "Tests", "Tests", "{B6BD0C3E-1107-4ADE-BA4B-8DA6912297D0}"
EndProject
Project("{9A19103F-16F7-4668-BE54-9A1E7A4F7556}") = "Donde.SpokenPast.Core.Domain", "Donde.SpokenPast.Core.Domain\Donde.SpokenPast.Core.Domain.csproj", "{C7AFC146-54FF-4AC6-9E77-7CA6261C0BE4}"
EndProject
Project("{9A19103F-16F7-4668-BE54-9A1E7A4F7556}") = "Donde.SpokenPast.Core.Service.Interfaces", "Donde.SpokenPast.Core.Services.Interfaces\Donde.SpokenPast.Core.Service.Interfaces.csproj", "{7F14F4B2-C4FE-4482-93A5-DCED7B47D3AB}"
EndProject
Project("{9A19103F-16F7-4668-BE54-9A1E7A4F7556}") = "Donde.SpokenPast.Core.Services", "Donde.SpokenPast.Core.Services\Donde.SpokenPast.Core.Services.csproj", "{28807C3F-348A-49BD-948A-9D4A53EB2BCC}"
EndProject
Project("{9A19103F-16F7-4668-BE54-9A1E7A4F7556}") = "Donde.SpokenPast.Core.Repositories.Interfaces", "Donde.SpokenPast.Core.Repositories.Interfaces\Donde.SpokenPast.Core.Repositories.Interfaces.csproj", "{C19D960F-C38E-4393-961A-F0D9B6C32891}"
EndProject
Project("{9A19103F-16F7-4668-BE54-9A1E7A4F7556}") = "Donde.SpokenPast.Infrastructure", "Donde.SpokenPast.Infrastructure\Donde.SpokenPast.Infrastructure.csproj", "{F9ADCF87-714F-4F60-AE93-AC51C017F17B}"
EndProject
Project("{9A19103F-16F7-4668-BE54-9A1E7A4F7556}") = "Donde.SpokenPast.Bootstrapper", "Donde.SpokenPast.Bootstrapper\Donde.SpokenPast.Bootstrapper.csproj", "{1F86BC72-B23F-4EDC-8579-76B082D74E8D}"
EndProject
Project("{9A19103F-16F7-4668-BE54-9A1E7A4F7556}") = "Donde.SpokenPast.Infrastructure.Test", "Donde.Agumentor.Infrastructure.Test\Donde.SpokenPast.Infrastructure.Test.csproj", "{20001E46-1D8C-4FFC-BA4B-38B8A8809513}"
EndProject
Project("{9A19103F-16F7-4668-BE54-9A1E7A4F7556}") = "Donde.SpokenPast.Web.Test", "Donde.SpokenPast.Web.Test\Donde.SpokenPast.Web.Test.csproj", "{721F2A74-CE75-4366-B1B1-4139D51E7177}"
EndProject
Global
	GlobalSection(SolutionConfigurationPlatforms) = preSolution
		Debug|Any CPU = Debug|Any CPU
		Release|Any CPU = Release|Any CPU
	EndGlobalSection
	GlobalSection(ProjectConfigurationPlatforms) = postSolution
		{15257D00-68BE-455E-A8A1-B99FEC348ACD}.Debug|Any CPU.ActiveCfg = Debug|Any CPU
		{15257D00-68BE-455E-A8A1-B99FEC348ACD}.Debug|Any CPU.Build.0 = Debug|Any CPU
		{15257D00-68BE-455E-A8A1-B99FEC348ACD}.Release|Any CPU.ActiveCfg = Release|Any CPU
		{15257D00-68BE-455E-A8A1-B99FEC348ACD}.Release|Any CPU.Build.0 = Release|Any CPU
		{C7AFC146-54FF-4AC6-9E77-7CA6261C0BE4}.Debug|Any CPU.ActiveCfg = Debug|Any CPU
		{C7AFC146-54FF-4AC6-9E77-7CA6261C0BE4}.Debug|Any CPU.Build.0 = Debug|Any CPU
		{C7AFC146-54FF-4AC6-9E77-7CA6261C0BE4}.Release|Any CPU.ActiveCfg = Release|Any CPU
		{C7AFC146-54FF-4AC6-9E77-7CA6261C0BE4}.Release|Any CPU.Build.0 = Release|Any CPU
		{7F14F4B2-C4FE-4482-93A5-DCED7B47D3AB}.Debug|Any CPU.ActiveCfg = Debug|Any CPU
		{7F14F4B2-C4FE-4482-93A5-DCED7B47D3AB}.Debug|Any CPU.Build.0 = Debug|Any CPU
		{7F14F4B2-C4FE-4482-93A5-DCED7B47D3AB}.Release|Any CPU.ActiveCfg = Release|Any CPU
		{7F14F4B2-C4FE-4482-93A5-DCED7B47D3AB}.Release|Any CPU.Build.0 = Release|Any CPU
		{28807C3F-348A-49BD-948A-9D4A53EB2BCC}.Debug|Any CPU.ActiveCfg = Debug|Any CPU
		{28807C3F-348A-49BD-948A-9D4A53EB2BCC}.Debug|Any CPU.Build.0 = Debug|Any CPU
		{28807C3F-348A-49BD-948A-9D4A53EB2BCC}.Release|Any CPU.ActiveCfg = Release|Any CPU
		{28807C3F-348A-49BD-948A-9D4A53EB2BCC}.Release|Any CPU.Build.0 = Release|Any CPU
		{C19D960F-C38E-4393-961A-F0D9B6C32891}.Debug|Any CPU.ActiveCfg = Debug|Any CPU
		{C19D960F-C38E-4393-961A-F0D9B6C32891}.Debug|Any CPU.Build.0 = Debug|Any CPU
		{C19D960F-C38E-4393-961A-F0D9B6C32891}.Release|Any CPU.ActiveCfg = Release|Any CPU
		{C19D960F-C38E-4393-961A-F0D9B6C32891}.Release|Any CPU.Build.0 = Release|Any CPU
		{F9ADCF87-714F-4F60-AE93-AC51C017F17B}.Debug|Any CPU.ActiveCfg = Debug|Any CPU
		{F9ADCF87-714F-4F60-AE93-AC51C017F17B}.Debug|Any CPU.Build.0 = Debug|Any CPU
		{F9ADCF87-714F-4F60-AE93-AC51C017F17B}.Release|Any CPU.ActiveCfg = Release|Any CPU
		{F9ADCF87-714F-4F60-AE93-AC51C017F17B}.Release|Any CPU.Build.0 = Release|Any CPU
		{1F86BC72-B23F-4EDC-8579-76B082D74E8D}.Debug|Any CPU.ActiveCfg = Debug|Any CPU
		{1F86BC72-B23F-4EDC-8579-76B082D74E8D}.Debug|Any CPU.Build.0 = Debug|Any CPU
		{1F86BC72-B23F-4EDC-8579-76B082D74E8D}.Release|Any CPU.ActiveCfg = Release|Any CPU
		{1F86BC72-B23F-4EDC-8579-76B082D74E8D}.Release|Any CPU.Build.0 = Release|Any CPU
		{20001E46-1D8C-4FFC-BA4B-38B8A8809513}.Debug|Any CPU.ActiveCfg = Debug|Any CPU
		{20001E46-1D8C-4FFC-BA4B-38B8A8809513}.Debug|Any CPU.Build.0 = Debug|Any CPU
		{20001E46-1D8C-4FFC-BA4B-38B8A8809513}.Release|Any CPU.ActiveCfg = Release|Any CPU
		{20001E46-1D8C-4FFC-BA4B-38B8A8809513}.Release|Any CPU.Build.0 = Release|Any CPU
		{721F2A74-CE75-4366-B1B1-4139D51E7177}.Debug|Any CPU.ActiveCfg = Debug|Any CPU
		{721F2A74-CE75-4366-B1B1-4139D51E7177}.Debug|Any CPU.Build.0 = Debug|Any CPU
		{721F2A74-CE75-4366-B1B1-4139D51E7177}.Release|Any CPU.ActiveCfg = Release|Any CPU
		{721F2A74-CE75-4366-B1B1-4139D51E7177}.Release|Any CPU.Build.0 = Release|Any CPU
	EndGlobalSection
	GlobalSection(SolutionProperties) = preSolution
		HideSolutionNode = FALSE
	EndGlobalSection
	GlobalSection(NestedProjects) = preSolution
		{15257D00-68BE-455E-A8A1-B99FEC348ACD} = {10E870E2-49E5-4B65-A8FE-91D0CF05163F}
		{C7AFC146-54FF-4AC6-9E77-7CA6261C0BE4} = {82E045F7-78E8-46CD-AE85-C14936A442FA}
		{7F14F4B2-C4FE-4482-93A5-DCED7B47D3AB} = {82E045F7-78E8-46CD-AE85-C14936A442FA}
		{28807C3F-348A-49BD-948A-9D4A53EB2BCC} = {82E045F7-78E8-46CD-AE85-C14936A442FA}
		{C19D960F-C38E-4393-961A-F0D9B6C32891} = {82E045F7-78E8-46CD-AE85-C14936A442FA}
		{F9ADCF87-714F-4F60-AE93-AC51C017F17B} = {08CC8D26-83D9-43D7-950B-49AD2C1AE6BC}
		{20001E46-1D8C-4FFC-BA4B-38B8A8809513} = {B6BD0C3E-1107-4ADE-BA4B-8DA6912297D0}
		{721F2A74-CE75-4366-B1B1-4139D51E7177} = {B6BD0C3E-1107-4ADE-BA4B-8DA6912297D0}
	EndGlobalSection
	GlobalSection(ExtensibilityGlobals) = postSolution
		SolutionGuid = {353F65B0-7398-44E5-ABC0-CF64CCCE2CCF}
	EndGlobalSection
EndGlobal
